
Microsoft Visual Studio Solution File, Format Version 12.00
# Visual Studio Version 16
VisualStudioVersion = 16.0.30804.86
MinimumVisualStudioVersion = 10.0.40219.1
Project("{FAE04EC0-301F-11D3-BF4B-00C04F79EFBC}") = "DB_IndependentCodeUsingSQLServer", "DB_IndependentCodeUsingSQLServer.csproj", "{881F6F78-59B4-4209-8088-1DBC89475E9F}"
EndProject
Global
	GlobalSection(SolutionConfigurationPlatforms) = preSolution
		Debug|Any CPU = Debug|Any CPU
		Release|Any CPU = Release|Any CPU
	EndGlobalSection
	GlobalSection(ProjectConfigurationPlatforms) = postSolution
		{881F6F78-59B4-4209-8088-1DBC89475E9F}.Debug|Any CPU.ActiveCfg = Debug|Any CPU
		{881F6F78-59B4-4209-8088-1DBC89475E9F}.Debug|Any CPU.Build.0 = Debug|Any CPU
		{881F6F78-59B4-4209-8088-1DBC89475E9F}.Release|Any CPU.ActiveCfg = Release|Any CPU
		{881F6F78-59B4-4209-8088-1DBC89475E9F}.Release|Any CPU.Build.0 = Release|Any CPU
	EndGlobalSection
	GlobalSection(SolutionProperties) = preSolution
		HideSolutionNode = FALSE
	EndGlobalSection
	GlobalSection(ExtensibilityGlobals) = postSolution
		SolutionGuid = {04A930C9-D0F4-40A3-9E79-3F0F60D4C1BA}
	EndGlobalSection
EndGlobal
